
Microsoft Visual Studio Solution File, Format Version 12.00
# Visual Studio Version 16
VisualStudioVersion = 16.0.30907.101
MinimumVisualStudioVersion = 10.0.40219.1
Project("{FAE04EC0-301F-11D3-BF4B-00C04F79EFBC}") = "TechHW4", "TechHW4\TechHW4.csproj", "{6C1DCAA2-9D48-4633-ABF0-E3B8981011A8}"
EndProject
Global
	GlobalSection(SolutionConfigurationPlatforms) = preSolution
		Debug|Any CPU = Debug|Any CPU
		Release|Any CPU = Release|Any CPU
	EndGlobalSection
	GlobalSection(ProjectConfigurationPlatforms) = postSolution
		{6C1DCAA2-9D48-4633-ABF0-E3B8981011A8}.Debug|Any CPU.ActiveCfg = Debug|Any CPU
		{6C1DCAA2-9D48-4633-ABF0-E3B8981011A8}.Debug|Any CPU.Build.0 = Debug|Any CPU
		{6C1DCAA2-9D48-4633-ABF0-E3B8981011A8}.Release|Any CPU.ActiveCfg = Release|Any CPU
		{6C1DCAA2-9D48-4633-ABF0-E3B8981011A8}.Release|Any CPU.Build.0 = Release|Any CPU
	EndGlobalSection
	GlobalSection(SolutionProperties) = preSolution
		HideSolutionNode = FALSE
	EndGlobalSection
	GlobalSection(ExtensibilityGlobals) = postSolution
		SolutionGuid = {647F317D-79B2-46EA-A8F7-D7203AA23DF9}
	EndGlobalSection
EndGlobal
